
Microsoft Visual Studio Solution File, Format Version 12.00
# Visual Studio 15
VisualStudioVersion = 15.0.27004.2002
MinimumVisualStudioVersion = 10.0.40219.1
Project("{8BC9CEB8-8B4A-11D0-8D11-00A0C91BC942}") = "GamepadNodeUwp", "GamepadNodeUwp.vcxproj", "{098A4670-9974-4F08-B411-0574FBE8903D}"
EndProject
Global
	GlobalSection(SolutionConfigurationPlatforms) = preSolution
		Debug|ARM = Debug|ARM
		Debug|x64 = Debug|x64
		Debug|x86 = Debug|x86
		Release|ARM = Release|ARM
		Release|x64 = Release|x64
		Release|x86 = Release|x86
	EndGlobalSection
	GlobalSection(ProjectConfigurationPlatforms) = postSolution
		{098A4670-9974-4F08-B411-0574FBE8903D}.Debug|ARM.ActiveCfg = Debug|ARM
		{098A4670-9974-4F08-B411-0574FBE8903D}.Debug|ARM.Build.0 = Debug|ARM
		{098A4670-9974-4F08-B411-0574FBE8903D}.Debug|ARM.Deploy.0 = Debug|ARM
		{098A4670-9974-4F08-B411-0574FBE8903D}.Debug|x64.ActiveCfg = Debug|x64
		{098A4670-9974-4F08-B411-0574FBE8903D}.Debug|x64.Build.0 = Debug|x64
		{098A4670-9974-4F08-B411-0574FBE8903D}.Debug|x64.Deploy.0 = Debug|x64
		{098A4670-9974-4F08-B411-0574FBE8903D}.Debug|x86.ActiveCfg = Debug|Win32
		{098A4670-9974-4F08-B411-0574FBE8903D}.Debug|x86.Build.0 = Debug|Win32
		{098A4670-9974-4F08-B411-0574FBE8903D}.Debug|x86.Deploy.0 = Debug|Win32
		{098A4670-9974-4F08-B411-0574FBE8903D}.Release|ARM.ActiveCfg = Release|ARM
		{098A4670-9974-4F08-B411-0574FBE8903D}.Release|ARM.Build.0 = Release|ARM
		{098A4670-9974-4F08-B411-0574FBE8903D}.Release|ARM.Deploy.0 = Release|ARM
		{098A4670-9974-4F08-B411-0574FBE8903D}.Release|x64.ActiveCfg = Release|x64
		{098A4670-9974-4F08-B411-0574FBE8903D}.Release|x64.Build.0 = Release|x64
		{098A4670-9974-4F08-B411-0574FBE8903D}.Release|x64.Deploy.0 = Release|x64
		{098A4670-9974-4F08-B411-0574FBE8903D}.Release|x86.ActiveCfg = Release|Win32
		{098A4670-9974-4F08-B411-0574FBE8903D}.Release|x86.Build.0 = Release|Win32
		{098A4670-9974-4F08-B411-0574FBE8903D}.Release|x86.Deploy.0 = Release|Win32
	EndGlobalSection
	GlobalSection(SolutionProperties) = preSolution
		HideSolutionNode = FALSE
	EndGlobalSection
	GlobalSection(ExtensibilityGlobals) = postSolution
		SolutionGuid = {6015638B-F546-4F89-BF54-604BC88E5045}
	EndGlobalSection
EndGlobal
